// !$*UTF8*$!
{
	archiveVersion = 1;
	classes = {
	};
	objectVersion = 56;
	objects = {

/* Begin PBXBuildFile section */
		078C31152A51C04400D2DE9F /* appleMusic_swiftUIApp.swift in Sources */ = {isa = PBXBuildFile; fileRef = 078C31142A51C04400D2DE9F /* appleMusic_swiftUIApp.swift */; };
		078C31172A51C04400D2DE9F /* ContentView.swift in Sources */ = {isa = PBXBuildFile; fileRef = 078C31162A51C04400D2DE9F /* ContentView.swift */; };
		078C31192A51C04500D2DE9F /* Assets.xcassets in Resources */ = {isa = PBXBuildFile; fileRef = 078C31182A51C04500D2DE9F /* Assets.xcassets */; };
		078C311C2A51C04500D2DE9F /* Preview Assets.xcassets in Resources */ = {isa = PBXBuildFile; fileRef = 078C311B2A51C04500D2DE9F /* Preview Assets.xcassets */; };
		078C31262A51C21600D2DE9F /* LibraryView.swift in Sources */ = {isa = PBXBuildFile; fileRef = 078C31252A51C21600D2DE9F /* LibraryView.swift */; };
		078C31282A51C24800D2DE9F /* MediaView.swift in Sources */ = {isa = PBXBuildFile; fileRef = 078C31272A51C24800D2DE9F /* MediaView.swift */; };
		078C312A2A51C29400D2DE9F /* MusicLabelView.swift in Sources */ = {isa = PBXBuildFile; fileRef = 078C31292A51C29400D2DE9F /* MusicLabelView.swift */; };
		078C312D2A51C30000D2DE9F /* Strings.swift in Sources */ = {isa = PBXBuildFile; fileRef = 078C312C2A51C30000D2DE9F /* Strings.swift */; };
		078C31302A51C37200D2DE9F /* ListView.swift in Sources */ = {isa = PBXBuildFile; fileRef = 078C312F2A51C37200D2DE9F /* ListView.swift */; };
		078C31322A51C38B00D2DE9F /* ListCell.swift in Sources */ = {isa = PBXBuildFile; fileRef = 078C31312A51C38B00D2DE9F /* ListCell.swift */; };
		078C31342A51C3A600D2DE9F /* ListModel.swift in Sources */ = {isa = PBXBuildFile; fileRef = 078C31332A51C3A600D2DE9F /* ListModel.swift */; };
		078C31372A51C42900D2DE9F /* MusicPlayerView.swift in Sources */ = {isa = PBXBuildFile; fileRef = 078C31362A51C42900D2DE9F /* MusicPlayerView.swift */; };
		078C31392A51C45100D2DE9F /* PlayProgress.swift in Sources */ = {isa = PBXBuildFile; fileRef = 078C31382A51C45100D2DE9F /* PlayProgress.swift */; };
		078C313B2A51C46500D2DE9F /* ButtonMediaAllScreen.swift in Sources */ = {isa = PBXBuildFile; fileRef = 078C313A2A51C46500D2DE9F /* ButtonMediaAllScreen.swift */; };
		078C313D2A51C47A00D2DE9F /* VolumeControl.swift in Sources */ = {isa = PBXBuildFile; fileRef = 078C313C2A51C47A00D2DE9F /* VolumeControl.swift */; };
		078C313F2A51C49000D2DE9F /* BottomButtonMedia.swift in Sources */ = {isa = PBXBuildFile; fileRef = 078C313E2A51C49000D2DE9F /* BottomButtonMedia.swift */; };
		078C31412A51C4A700D2DE9F /* BlurView.swift in Sources */ = {isa = PBXBuildFile; fileRef = 078C31402A51C4A700D2DE9F /* BlurView.swift */; };
		078C31432A51C4BB00D2DE9F /* BlurViewAllScreen.swift in Sources */ = {isa = PBXBuildFile; fileRef = 078C31422A51C4BB00D2DE9F /* BlurViewAllScreen.swift */; };
		078C31462A51C7EB00D2DE9F /* RadioView.swift in Sources */ = {isa = PBXBuildFile; fileRef = 078C31452A51C7EB00D2DE9F /* RadioView.swift */; };
		078C31492A51C83800D2DE9F /* SearchMainView.swift in Sources */ = {isa = PBXBuildFile; fileRef = 078C31482A51C83800D2DE9F /* SearchMainView.swift */; };
		078C314D2A51F79B00D2DE9F /* RadioTopSections.swift in Sources */ = {isa = PBXBuildFile; fileRef = 078C314C2A51F79B00D2DE9F /* RadioTopSections.swift */; };
		078C314F2A51F7B700D2DE9F /* RadioModel.swift in Sources */ = {isa = PBXBuildFile; fileRef = 078C314E2A51F7B700D2DE9F /* RadioModel.swift */; };
		078C31512A51F7E700D2DE9F /* RadioSmallSections.swift in Sources */ = {isa = PBXBuildFile; fileRef = 078C31502A51F7E700D2DE9F /* RadioSmallSections.swift */; };
		078C31532A52091800D2DE9F /* DetailView.swift in Sources */ = {isa = PBXBuildFile; fileRef = 078C31522A52091800D2DE9F /* DetailView.swift */; };
		078C31552A52093500D2DE9F /* SearchScreen.swift in Sources */ = {isa = PBXBuildFile; fileRef = 078C31542A52093500D2DE9F /* SearchScreen.swift */; };
		078C31572A52094D00D2DE9F /* SearchModel.swift in Sources */ = {isa = PBXBuildFile; fileRef = 078C31562A52094D00D2DE9F /* SearchModel.swift */; };
		078C315A2A52119F00D2DE9F /* SearchViewController.swift in Sources */ = {isa = PBXBuildFile; fileRef = 078C31592A52119F00D2DE9F /* SearchViewController.swift */; };
		078C315D2A5211C300D2DE9F /* SnapKit in Frameworks */ = {isa = PBXBuildFile; productRef = 078C315C2A5211C300D2DE9F /* SnapKit */; };
		078C31612A52120200D2DE9F /* CollectionViewCell.swift in Sources */ = {isa = PBXBuildFile; fileRef = 078C31602A52120200D2DE9F /* CollectionViewCell.swift */; };
		078C31632A52121B00D2DE9F /* CollectionReusableView.swift in Sources */ = {isa = PBXBuildFile; fileRef = 078C31622A52121B00D2DE9F /* CollectionReusableView.swift */; };
		07E519622A5217DF0015DC4F /* SearchView.swift in Sources */ = {isa = PBXBuildFile; fileRef = 07E519612A5217DF0015DC4F /* SearchView.swift */; };
/* End PBXBuildFile section */

/* Begin PBXFileReference section */
		078C31112A51C04400D2DE9F /* appleMusic-swiftUI.app */ = {isa = PBXFileReference; explicitFileType = wrapper.application; includeInIndex = 0; path = "appleMusic-swiftUI.app"; sourceTree = BUILT_PRODUCTS_DIR; };
		078C31142A51C04400D2DE9F /* appleMusic_swiftUIApp.swift */ = {isa = PBXFileReference; lastKnownFileType = sourcecode.swift; path = appleMusic_swiftUIApp.swift; sourceTree = "<group>"; };
		078C31162A51C04400D2DE9F /* ContentView.swift */ = {isa = PBXFileReference; lastKnownFileType = sourcecode.swift; path = ContentView.swift; sourceTree = "<group>"; };
		078C31182A51C04500D2DE9F /* Assets.xcassets */ = {isa = PBXFileReference; lastKnownFileType = folder.assetcatalog; path = Assets.xcassets; sourceTree = "<group>"; };
		078C311B2A51C04500D2DE9F /* Preview Assets.xcassets */ = {isa = PBXFileReference; lastKnownFileType = folder.assetcatalog; path = "Preview Assets.xcassets"; sourceTree = "<group>"; };
		078C31252A51C21600D2DE9F /* LibraryView.swift */ = {isa = PBXFileReference; lastKnownFileType = sourcecode.swift; path = LibraryView.swift; sourceTree = "<group>"; };
		078C31272A51C24800D2DE9F /* MediaView.swift */ = {isa = PBXFileReference; lastKnownFileType = sourcecode.swift; path = MediaView.swift; sourceTree = "<group>"; };
		078C31292A51C29400D2DE9F /* MusicLabelView.swift */ = {isa = PBXFileReference; lastKnownFileType = sourcecode.swift; path = MusicLabelView.swift; sourceTree = "<group>"; };
		078C312C2A51C30000D2DE9F /* Strings.swift */ = {isa = PBXFileReference; lastKnownFileType = sourcecode.swift; path = Strings.swift; sourceTree = "<group>"; };
		078C312F2A51C37200D2DE9F /* ListView.swift */ = {isa = PBXFileReference; lastKnownFileType = sourcecode.swift; path = ListView.swift; sourceTree = "<group>"; };
		078C31312A51C38B00D2DE9F /* ListCell.swift */ = {isa = PBXFileReference; lastKnownFileType = sourcecode.swift; path = ListCell.swift; sourceTree = "<group>"; };
		078C31332A51C3A600D2DE9F /* ListModel.swift */ = {isa = PBXFileReference; lastKnownFileType = sourcecode.swift; path = ListModel.swift; sourceTree = "<group>"; };
		078C31362A51C42900D2DE9F /* MusicPlayerView.swift */ = {isa = PBXFileReference; lastKnownFileType = sourcecode.swift; path = MusicPlayerView.swift; sourceTree = "<group>"; };
		078C31382A51C45100D2DE9F /* PlayProgress.swift */ = {isa = PBXFileReference; lastKnownFileType = sourcecode.swift; path = PlayProgress.swift; sourceTree = "<group>"; };
		078C313A2A51C46500D2DE9F /* ButtonMediaAllScreen.swift */ = {isa = PBXFileReference; lastKnownFileType = sourcecode.swift; path = ButtonMediaAllScreen.swift; sourceTree = "<group>"; };
		078C313C2A51C47A00D2DE9F /* VolumeControl.swift */ = {isa = PBXFileReference; lastKnownFileType = sourcecode.swift; path = VolumeControl.swift; sourceTree = "<group>"; };
		078C313E2A51C49000D2DE9F /* BottomButtonMedia.swift */ = {isa = PBXFileReference; lastKnownFileType = sourcecode.swift; path = BottomButtonMedia.swift; sourceTree = "<group>"; };
		078C31402A51C4A700D2DE9F /* BlurView.swift */ = {isa = PBXFileReference; lastKnownFileType = sourcecode.swift; path = BlurView.swift; sourceTree = "<group>"; };
		078C31422A51C4BB00D2DE9F /* BlurViewAllScreen.swift */ = {isa = PBXFileReference; lastKnownFileType = sourcecode.swift; path = BlurViewAllScreen.swift; sourceTree = "<group>"; };
		078C31452A51C7EB00D2DE9F /* RadioView.swift */ = {isa = PBXFileReference; lastKnownFileType = sourcecode.swift; path = RadioView.swift; sourceTree = "<group>"; };
		078C31482A51C83800D2DE9F /* SearchMainView.swift */ = {isa = PBXFileReference; lastKnownFileType = sourcecode.swift; path = SearchMainView.swift; sourceTree = "<group>"; };
		078C314C2A51F79B00D2DE9F /* RadioTopSections.swift */ = {isa = PBXFileReference; lastKnownFileType = sourcecode.swift; path = RadioTopSections.swift; sourceTree = "<group>"; };
		078C314E2A51F7B700D2DE9F /* RadioModel.swift */ = {isa = PBXFileReference; lastKnownFileType = sourcecode.swift; path = RadioModel.swift; sourceTree = "<group>"; };
		078C31502A51F7E700D2DE9F /* RadioSmallSections.swift */ = {isa = PBXFileReference; lastKnownFileType = sourcecode.swift; path = RadioSmallSections.swift; sourceTree = "<group>"; };
		078C31522A52091800D2DE9F /* DetailView.swift */ = {isa = PBXFileReference; lastKnownFileType = sourcecode.swift; path = DetailView.swift; sourceTree = "<group>"; };
		078C31542A52093500D2DE9F /* SearchScreen.swift */ = {isa = PBXFileReference; lastKnownFileType = sourcecode.swift; path = SearchScreen.swift; sourceTree = "<group>"; };
		078C31562A52094D00D2DE9F /* SearchModel.swift */ = {isa = PBXFileReference; lastKnownFileType = sourcecode.swift; path = SearchModel.swift; sourceTree = "<group>"; };
		078C31592A52119F00D2DE9F /* SearchViewController.swift */ = {isa = PBXFileReference; lastKnownFileType = sourcecode.swift; path = SearchViewController.swift; sourceTree = "<group>"; };
		078C31602A52120200D2DE9F /* CollectionViewCell.swift */ = {isa = PBXFileReference; lastKnownFileType = sourcecode.swift; path = CollectionViewCell.swift; sourceTree = "<group>"; };
		078C31622A52121B00D2DE9F /* CollectionReusableView.swift */ = {isa = PBXFileReference; lastKnownFileType = sourcecode.swift; path = CollectionReusableView.swift; sourceTree = "<group>"; };
		07E519612A5217DF0015DC4F /* SearchView.swift */ = {isa = PBXFileReference; lastKnownFileType = sourcecode.swift; path = SearchView.swift; sourceTree = "<group>"; };
/* End PBXFileReference section */

/* Begin PBXFrameworksBuildPhase section */
		078C310E2A51C04400D2DE9F /* Frameworks */ = {
			isa = PBXFrameworksBuildPhase;
			buildActionMask = 2147483647;
			files = (
				078C315D2A5211C300D2DE9F /* SnapKit in Frameworks */,
			);
			runOnlyForDeploymentPostprocessing = 0;
		};
/* End PBXFrameworksBuildPhase section */

/* Begin PBXGroup section */
		078C31082A51C04400D2DE9F = {
			isa = PBXGroup;
			children = (
				078C31132A51C04400D2DE9F /* appleMusic-swiftUI */,
				078C31122A51C04400D2DE9F /* Products */,
			);
			sourceTree = "<group>";
		};
		078C31122A51C04400D2DE9F /* Products */ = {
			isa = PBXGroup;
			children = (
				078C31112A51C04400D2DE9F /* appleMusic-swiftUI.app */,
			);
			name = Products;
			sourceTree = "<group>";
		};
		078C31132A51C04400D2DE9F /* appleMusic-swiftUI */ = {
			isa = PBXGroup;
			children = (
				078C31222A51C17C00D2DE9F /* App */,
				078C31162A51C04400D2DE9F /* ContentView.swift */,
				078C31232A51C1CB00D2DE9F /* Sources */,
				078C312B2A51C2CC00D2DE9F /* Helper */,
				078C311A2A51C04500D2DE9F /* Preview Content */,
				078C31182A51C04500D2DE9F /* Assets.xcassets */,
			);
			path = "appleMusic-swiftUI";
			sourceTree = "<group>";
		};
		078C311A2A51C04500D2DE9F /* Preview Content */ = {
			isa = PBXGroup;
			children = (
				078C311B2A51C04500D2DE9F /* Preview Assets.xcassets */,
			);
			path = "Preview Content";
			sourceTree = "<group>";
		};
		078C31222A51C17C00D2DE9F /* App */ = {
			isa = PBXGroup;
			children = (
				078C31142A51C04400D2DE9F /* appleMusic_swiftUIApp.swift */,
			);
			path = App;
			sourceTree = "<group>";
		};
		078C31232A51C1CB00D2DE9F /* Sources */ = {
			isa = PBXGroup;
			children = (
				078C31242A51C1F800D2DE9F /* LibraryView */,
				078C31442A51C7D900D2DE9F /* RadioScreen */,
				078C31472A51C82B00D2DE9F /* SearchScreen */,
				078C31582A52118500D2DE9F /* SearchScreenUiKit */,
				078C31352A51C41200D2DE9F /* Player */,
				078C312E2A51C35F00D2DE9F /* ListView */,
			);
			path = Sources;
			sourceTree = "<group>";
		};
		078C31242A51C1F800D2DE9F /* LibraryView */ = {
			isa = PBXGroup;
			children = (
				078C31252A51C21600D2DE9F /* LibraryView.swift */,
				078C31272A51C24800D2DE9F /* MediaView.swift */,
				078C31292A51C29400D2DE9F /* MusicLabelView.swift */,
			);
			path = LibraryView;
			sourceTree = "<group>";
		};
		078C312B2A51C2CC00D2DE9F /* Helper */ = {
			isa = PBXGroup;
			children = (
				078C312C2A51C30000D2DE9F /* Strings.swift */,
			);
			path = Helper;
			sourceTree = "<group>";
		};
		078C312E2A51C35F00D2DE9F /* ListView */ = {
			isa = PBXGroup;
			children = (
				078C312F2A51C37200D2DE9F /* ListView.swift */,
				078C31312A51C38B00D2DE9F /* ListCell.swift */,
				078C31332A51C3A600D2DE9F /* ListModel.swift */,
			);
			path = ListView;
			sourceTree = "<group>";
		};
		078C31352A51C41200D2DE9F /* Player */ = {
			isa = PBXGroup;
			children = (
				078C31362A51C42900D2DE9F /* MusicPlayerView.swift */,
				078C31382A51C45100D2DE9F /* PlayProgress.swift */,
				078C313A2A51C46500D2DE9F /* ButtonMediaAllScreen.swift */,
				078C313C2A51C47A00D2DE9F /* VolumeControl.swift */,
				078C313E2A51C49000D2DE9F /* BottomButtonMedia.swift */,
				078C31402A51C4A700D2DE9F /* BlurView.swift */,
				078C31422A51C4BB00D2DE9F /* BlurViewAllScreen.swift */,
			);
			path = Player;
			sourceTree = "<group>";
		};
		078C31442A51C7D900D2DE9F /* RadioScreen */ = {
			isa = PBXGroup;
			children = (
				078C31452A51C7EB00D2DE9F /* RadioView.swift */,
				078C314E2A51F7B700D2DE9F /* RadioModel.swift */,
				078C31502A51F7E700D2DE9F /* RadioSmallSections.swift */,
				078C314C2A51F79B00D2DE9F /* RadioTopSections.swift */,
			);
			path = RadioScreen;
			sourceTree = "<group>";
		};
		078C31472A51C82B00D2DE9F /* SearchScreen */ = {
			isa = PBXGroup;
			children = (
				078C31562A52094D00D2DE9F /* SearchModel.swift */,
				078C31542A52093500D2DE9F /* SearchScreen.swift */,
				078C31522A52091800D2DE9F /* DetailView.swift */,
				078C31482A51C83800D2DE9F /* SearchMainView.swift */,
			);
			path = SearchScreen;
			sourceTree = "<group>";
		};
		078C31582A52118500D2DE9F /* SearchScreenUiKit */ = {
			isa = PBXGroup;
			children = (
				078C31592A52119F00D2DE9F /* SearchViewController.swift */,
				07E519612A5217DF0015DC4F /* SearchView.swift */,
				078C31602A52120200D2DE9F /* CollectionViewCell.swift */,
				078C31622A52121B00D2DE9F /* CollectionReusableView.swift */,
			);
			path = SearchScreenUiKit;
			sourceTree = "<group>";
		};
/* End PBXGroup section */

/* Begin PBXNativeTarget section */
		078C31102A51C04400D2DE9F /* appleMusic-swiftUI */ = {
			isa = PBXNativeTarget;
			buildConfigurationList = 078C311F2A51C04500D2DE9F /* Build configuration list for PBXNativeTarget "appleMusic-swiftUI" */;
			buildPhases = (
				078C310D2A51C04400D2DE9F /* Sources */,
				078C310E2A51C04400D2DE9F /* Frameworks */,
				078C310F2A51C04400D2DE9F /* Resources */,
			);
			buildRules = (
			);
			dependencies = (
			);
			name = "appleMusic-swiftUI";
			packageProductDependencies = (
				078C315C2A5211C300D2DE9F /* SnapKit */,
			);
			productName = "appleMusic-swiftUI";
			productReference = 078C31112A51C04400D2DE9F /* appleMusic-swiftUI.app */;
			productType = "com.apple.product-type.application";
		};
/* End PBXNativeTarget section */

/* Begin PBXProject section */
		078C31092A51C04400D2DE9F /* Project object */ = {
			isa = PBXProject;
			attributes = {
				BuildIndependentTargetsInParallel = 1;
				LastSwiftUpdateCheck = 1420;
				LastUpgradeCheck = 1420;
				TargetAttributes = {
					078C31102A51C04400D2DE9F = {
						CreatedOnToolsVersion = 14.2;
					};
				};
			};
			buildConfigurationList = 078C310C2A51C04400D2DE9F /* Build configuration list for PBXProject "appleMusic-swiftUI" */;
			compatibilityVersion = "Xcode 14.0";
			developmentRegion = en;
			hasScannedForEncodings = 0;
			knownRegions = (
				en,
				Base,
			);
			mainGroup = 078C31082A51C04400D2DE9F;
			packageReferences = (
				078C315B2A5211C300D2DE9F /* XCRemoteSwiftPackageReference "SnapKit" */,
			);
			productRefGroup = 078C31122A51C04400D2DE9F /* Products */;
			projectDirPath = "";
			projectRoot = "";
			targets = (
				078C31102A51C04400D2DE9F /* appleMusic-swiftUI */,
			);
		};
/* End PBXProject section */

/* Begin PBXResourcesBuildPhase section */
		078C310F2A51C04400D2DE9F /* Resources */ = {
			isa = PBXResourcesBuildPhase;
			buildActionMask = 2147483647;
			files = (
				078C311C2A51C04500D2DE9F /* Preview Assets.xcassets in Resources */,
				078C31192A51C04500D2DE9F /* Assets.xcassets in Resources */,
			);
			runOnlyForDeploymentPostprocessing = 0;
		};
/* End PBXResourcesBuildPhase section */

/* Begin PBXSourcesBuildPhase section */
		078C310D2A51C04400D2DE9F /* Sources */ = {
			isa = PBXSourcesBuildPhase;
			buildActionMask = 2147483647;
			files = (
				078C31392A51C45100D2DE9F /* PlayProgress.swift in Sources */,
				078C31342A51C3A600D2DE9F /* ListModel.swift in Sources */,
				078C31412A51C4A700D2DE9F /* BlurView.swift in Sources */,
				078C31572A52094D00D2DE9F /* SearchModel.swift in Sources */,
				078C314F2A51F7B700D2DE9F /* RadioModel.swift in Sources */,
				078C31172A51C04400D2DE9F /* ContentView.swift in Sources */,
				078C31532A52091800D2DE9F /* DetailView.swift in Sources */,
				078C313F2A51C49000D2DE9F /* BottomButtonMedia.swift in Sources */,
				078C31462A51C7EB00D2DE9F /* RadioView.swift in Sources */,
				078C312A2A51C29400D2DE9F /* MusicLabelView.swift in Sources */,
				078C31282A51C24800D2DE9F /* MediaView.swift in Sources */,
				078C31302A51C37200D2DE9F /* ListView.swift in Sources */,
				078C31512A51F7E700D2DE9F /* RadioSmallSections.swift in Sources */,
				078C313D2A51C47A00D2DE9F /* VolumeControl.swift in Sources */,
				078C31492A51C83800D2DE9F /* SearchMainView.swift in Sources */,
				078C315A2A52119F00D2DE9F /* SearchViewController.swift in Sources */,
				078C313B2A51C46500D2DE9F /* ButtonMediaAllScreen.swift in Sources */,
				078C31372A51C42900D2DE9F /* MusicPlayerView.swift in Sources */,
				078C31552A52093500D2DE9F /* SearchScreen.swift in Sources */,
				078C31612A52120200D2DE9F /* CollectionViewCell.swift in Sources */,
				078C31632A52121B00D2DE9F /* CollectionReusableView.swift in Sources */,
				078C31432A51C4BB00D2DE9F /* BlurViewAllScreen.swift in Sources */,
				078C314D2A51F79B00D2DE9F /* RadioTopSections.swift in Sources */,
				078C31262A51C21600D2DE9F /* LibraryView.swift in Sources */,
				07E519622A5217DF0015DC4F /* SearchView.swift in Sources */,
				078C31322A51C38B00D2DE9F /* ListCell.swift in Sources */,
				078C312D2A51C30000D2DE9F /* Strings.swift in Sources */,
				078C31152A51C04400D2DE9F /* appleMusic_swiftUIApp.swift in Sources */,
			);
			runOnlyForDeploymentPostprocessing = 0;
		};
/* End PBXSourcesBuildPhase section */

/* Begin XCBuildConfiguration section */
		078C311D2A51C04500D2DE9F /* Debug */ = {
			isa = XCBuildConfiguration;
			buildSettings = {
				ALWAYS_SEARCH_USER_PATHS = NO;
				CLANG_ANALYZER_NONNULL = YES;
				CLANG_ANALYZER_NUMBER_OBJECT_CONVERSION = YES_AGGRESSIVE;
				CLANG_CXX_LANGUAGE_STANDARD = "gnu++20";
				CLANG_ENABLE_MODULES = YES;
				CLANG_ENABLE_OBJC_ARC = YES;
				CLANG_ENABLE_OBJC_WEAK = YES;
				CLANG_WARN_BLOCK_CAPTURE_AUTORELEASING = YES;
				CLANG_WARN_BOOL_CONVERSION = YES;
				CLANG_WARN_COMMA = YES;
				CLANG_WARN_CONSTANT_CONVERSION = YES;
				CLANG_WARN_DEPRECATED_OBJC_IMPLEMENTATIONS = YES;
				CLANG_WARN_DIRECT_OBJC_ISA_USAGE = YES_ERROR;
				CLANG_WARN_DOCUMENTATION_COMMENTS = YES;
				CLANG_WARN_EMPTY_BODY = YES;
				CLANG_WARN_ENUM_CONVERSION = YES;
				CLANG_WARN_INFINITE_RECURSION = YES;
				CLANG_WARN_INT_CONVERSION = YES;
				CLANG_WARN_NON_LITERAL_NULL_CONVERSION = YES;
				CLANG_WARN_OBJC_IMPLICIT_RETAIN_SELF = YES;
				CLANG_WARN_OBJC_LITERAL_CONVERSION = YES;
				CLANG_WARN_OBJC_ROOT_CLASS = YES_ERROR;
				CLANG_WARN_QUOTED_INCLUDE_IN_FRAMEWORK_HEADER = YES;
				CLANG_WARN_RANGE_LOOP_ANALYSIS = YES;
				CLANG_WARN_STRICT_PROTOTYPES = YES;
				CLANG_WARN_SUSPICIOUS_MOVE = YES;
				CLANG_WARN_UNGUARDED_AVAILABILITY = YES_AGGRESSIVE;
				CLANG_WARN_UNREACHABLE_CODE = YES;
				CLANG_WARN__DUPLICATE_METHOD_MATCH = YES;
				COPY_PHASE_STRIP = NO;
				DEBUG_INFORMATION_FORMAT = dwarf;
				ENABLE_STRICT_OBJC_MSGSEND = YES;
				ENABLE_TESTABILITY = YES;
				GCC_C_LANGUAGE_STANDARD = gnu11;
				GCC_DYNAMIC_NO_PIC = NO;
				GCC_NO_COMMON_BLOCKS = YES;
				GCC_OPTIMIZATION_LEVEL = 0;
				GCC_PREPROCESSOR_DEFINITIONS = (
					"DEBUG=1",
					"$(inherited)",
				);
				GCC_WARN_64_TO_32_BIT_CONVERSION = YES;
				GCC_WARN_ABOUT_RETURN_TYPE = YES_ERROR;
				GCC_WARN_UNDECLARED_SELECTOR = YES;
				GCC_WARN_UNINITIALIZED_AUTOS = YES_AGGRESSIVE;
				GCC_WARN_UNUSED_FUNCTION = YES;
				GCC_WARN_UNUSED_VARIABLE = YES;
				IPHONEOS_DEPLOYMENT_TARGET = 15.0;
				MTL_ENABLE_DEBUG_INFO = INCLUDE_SOURCE;
				MTL_FAST_MATH = YES;
				ONLY_ACTIVE_ARCH = YES;
				SDKROOT = iphoneos;
				SWIFT_ACTIVE_COMPILATION_CONDITIONS = DEBUG;
				SWIFT_OPTIMIZATION_LEVEL = "-Onone";
			};
			name = Debug;
		};
		078C311E2A51C04500D2DE9F /* Release */ = {
			isa = XCBuildConfiguration;
			buildSettings = {
				ALWAYS_SEARCH_USER_PATHS = NO;
				CLANG_ANALYZER_NONNULL = YES;
				CLANG_ANALYZER_NUMBER_OBJECT_CONVERSION = YES_AGGRESSIVE;
				CLANG_CXX_LANGUAGE_STANDARD = "gnu++20";
				CLANG_ENABLE_MODULES = YES;
				CLANG_ENABLE_OBJC_ARC = YES;
				CLANG_ENABLE_OBJC_WEAK = YES;
				CLANG_WARN_BLOCK_CAPTURE_AUTORELEASING = YES;
				CLANG_WARN_BOOL_CONVERSION = YES;
				CLANG_WARN_COMMA = YES;
				CLANG_WARN_CONSTANT_CONVERSION = YES;
				CLANG_WARN_DEPRECATED_OBJC_IMPLEMENTATIONS = YES;
				CLANG_WARN_DIRECT_OBJC_ISA_USAGE = YES_ERROR;
				CLANG_WARN_DOCUMENTATION_COMMENTS = YES;
				CLANG_WARN_EMPTY_BODY = YES;
				CLANG_WARN_ENUM_CONVERSION = YES;
				CLANG_WARN_INFINITE_RECURSION = YES;
				CLANG_WARN_INT_CONVERSION = YES;
				CLANG_WARN_NON_LITERAL_NULL_CONVERSION = YES;
				CLANG_WARN_OBJC_IMPLICIT_RETAIN_SELF = YES;
				CLANG_WARN_OBJC_LITERAL_CONVERSION = YES;
				CLANG_WARN_OBJC_ROOT_CLASS = YES_ERROR;
				CLANG_WARN_QUOTED_INCLUDE_IN_FRAMEWORK_HEADER = YES;
				CLANG_WARN_RANGE_LOOP_ANALYSIS = YES;
				CLANG_WARN_STRICT_PROTOTYPES = YES;
				CLANG_WARN_SUSPICIOUS_MOVE = YES;
				CLANG_WARN_UNGUARDED_AVAILABILITY = YES_AGGRESSIVE;
				CLANG_WARN_UNREACHABLE_CODE = YES;
				CLANG_WARN__DUPLICATE_METHOD_MATCH = YES;
				COPY_PHASE_STRIP = NO;
				DEBUG_INFORMATION_FORMAT = "dwarf-with-dsym";
				ENABLE_NS_ASSERTIONS = NO;
				ENABLE_STRICT_OBJC_MSGSEND = YES;
				GCC_C_LANGUAGE_STANDARD = gnu11;
				GCC_NO_COMMON_BLOCKS = YES;
				GCC_WARN_64_TO_32_BIT_CONVERSION = YES;
				GCC_WARN_ABOUT_RETURN_TYPE = YES_ERROR;
				GCC_WARN_UNDECLARED_SELECTOR = YES;
				GCC_WARN_UNINITIALIZED_AUTOS = YES_AGGRESSIVE;
				GCC_WARN_UNUSED_FUNCTION = YES;
				GCC_WARN_UNUSED_VARIABLE = YES;
				IPHONEOS_DEPLOYMENT_TARGET = 15.0;
				MTL_ENABLE_DEBUG_INFO = NO;
				MTL_FAST_MATH = YES;
				SDKROOT = iphoneos;
				SWIFT_COMPILATION_MODE = wholemodule;
				SWIFT_OPTIMIZATION_LEVEL = "-O";
				VALIDATE_PRODUCT = YES;
			};
			name = Release;
		};
		078C31202A51C04500D2DE9F /* Debug */ = {
			isa = XCBuildConfiguration;
			buildSettings = {
				ASSETCATALOG_COMPILER_APPICON_NAME = AppIcon;
				ASSETCATALOG_COMPILER_GLOBAL_ACCENT_COLOR_NAME = AccentColor;
				CODE_SIGN_STYLE = Automatic;
				CURRENT_PROJECT_VERSION = 1;
				DEVELOPMENT_ASSET_PATHS = "\"appleMusic-swiftUI/Preview Content\"";
				DEVELOPMENT_TEAM = LPX2GGHMJT;
				ENABLE_PREVIEWS = YES;
				GENERATE_INFOPLIST_FILE = YES;
				INFOPLIST_KEY_UIApplicationSceneManifest_Generation = YES;
				INFOPLIST_KEY_UIApplicationSupportsIndirectInputEvents = YES;
				INFOPLIST_KEY_UILaunchScreen_Generation = YES;
				INFOPLIST_KEY_UISupportedInterfaceOrientations_iPad = "UIInterfaceOrientationPortrait UIInterfaceOrientationPortraitUpsideDown UIInterfaceOrientationLandscapeLeft UIInterfaceOrientationLandscapeRight";
				INFOPLIST_KEY_UISupportedInterfaceOrientations_iPhone = "UIInterfaceOrientationPortrait UIInterfaceOrientationLandscapeLeft UIInterfaceOrientationLandscapeRight";
				IPHONEOS_DEPLOYMENT_TARGET = 15.0;
				LD_RUNPATH_SEARCH_PATHS = (
					"$(inherited)",
					"@executable_path/Frameworks",
				);
				MARKETING_VERSION = 1.0;
				PRODUCT_BUNDLE_IDENTIFIER = "ti1ek.koszhanov.appleMusic-swiftUI";
				PRODUCT_NAME = "$(TARGET_NAME)";
				SWIFT_EMIT_LOC_STRINGS = YES;
				SWIFT_VERSION = 5.0;
				TARGETED_DEVICE_FAMILY = "1,2";
			};
			name = Debug;
		};
		078C31212A51C04500D2DE9F /* Release */ = {
			isa = XCBuildConfiguration;
			buildSettings = {
				ASSETCATALOG_COMPILER_APPICON_NAME = AppIcon;
				ASSETCATALOG_COMPILER_GLOBAL_ACCENT_COLOR_NAME = AccentColor;
				CODE_SIGN_STYLE = Automatic;
				CURRENT_PROJECT_VERSION = 1;
				DEVELOPMENT_ASSET_PATHS = "\"appleMusic-swiftUI/Preview Content\"";
				DEVELOPMENT_TEAM = LPX2GGHMJT;
				ENABLE_PREVIEWS = YES;
				GENERATE_INFOPLIST_FILE = YES;
				INFOPLIST_KEY_UIApplicationSceneManifest_Generation = YES;
				INFOPLIST_KEY_UIApplicationSupportsIndirectInputEvents = YES;
				INFOPLIST_KEY_UILaunchScreen_Generation = YES;
				INFOPLIST_KEY_UISupportedInterfaceOrientations_iPad = "UIInterfaceOrientationPortrait UIInterfaceOrientationPortraitUpsideDown UIInterfaceOrientationLandscapeLeft UIInterfaceOrientationLandscapeRight";
				INFOPLIST_KEY_UISupportedInterfaceOrientations_iPhone = "UIInterfaceOrientationPortrait UIInterfaceOrientationLandscapeLeft UIInterfaceOrientationLandscapeRight";
				IPHONEOS_DEPLOYMENT_TARGET = 15.0;
				LD_RUNPATH_SEARCH_PATHS = (
					"$(inherited)",
					"@executable_path/Frameworks",
				);
				MARKETING_VERSION = 1.0;
				PRODUCT_BUNDLE_IDENTIFIER = "ti1ek.koszhanov.appleMusic-swiftUI";
				PRODUCT_NAME = "$(TARGET_NAME)";
				SWIFT_EMIT_LOC_STRINGS = YES;
				SWIFT_VERSION = 5.0;
				TARGETED_DEVICE_FAMILY = "1,2";
			};
			name = Release;
		};
/* End XCBuildConfiguration section */

/* Begin XCConfigurationList section */
		078C310C2A51C04400D2DE9F /* Build configuration list for PBXProject "appleMusic-swiftUI" */ = {
			isa = XCConfigurationList;
			buildConfigurations = (
				078C311D2A51C04500D2DE9F /* Debug */,
				078C311E2A51C04500D2DE9F /* Release */,
			);
			defaultConfigurationIsVisible = 0;
			defaultConfigurationName = Release;
		};
		078C311F2A51C04500D2DE9F /* Build configuration list for PBXNativeTarget "appleMusic-swiftUI" */ = {
			isa = XCConfigurationList;
			buildConfigurations = (
				078C31202A51C04500D2DE9F /* Debug */,
				078C31212A51C04500D2DE9F /* Release */,
			);
			defaultConfigurationIsVisible = 0;
			defaultConfigurationName = Release;
		};
/* End XCConfigurationList section */

/* Begin XCRemoteSwiftPackageReference section */
		078C315B2A5211C300D2DE9F /* XCRemoteSwiftPackageReference "SnapKit" */ = {
			isa = XCRemoteSwiftPackageReference;
			repositoryURL = "https://github.com/SnapKit/SnapKit";
			requirement = {
				kind = upToNextMinorVersion;
				minimumVersion = 5.6.0;
			};
		};
/* End XCRemoteSwiftPackageReference section */

/* Begin XCSwiftPackageProductDependency section */
		078C315C2A5211C300D2DE9F /* SnapKit */ = {
			isa = XCSwiftPackageProductDependency;
			package = 078C315B2A5211C300D2DE9F /* XCRemoteSwiftPackageReference "SnapKit" */;
			productName = SnapKit;
		};
/* End XCSwiftPackageProductDependency section */
	};
	rootObject = 078C31092A51C04400D2DE9F /* Project object */;
}
